// !$*UTF8*$!
{
	archiveVersion = 1;
	classes = {
	};
	objectVersion = 46;
	objects = {

/* Begin PBXBuildFile section */
		146CEAD51DF4ADF5001CDA04 /* AppDelegate.swift in Sources */ = {isa = PBXBuildFile; fileRef = 146CEAD41DF4ADF5001CDA04 /* AppDelegate.swift */; };
		146CEAD71DF4ADF5001CDA04 /* ViewController.swift in Sources */ = {isa = PBXBuildFile; fileRef = 146CEAD61DF4ADF5001CDA04 /* ViewController.swift */; };
		146CEADA1DF4ADF5001CDA04 /* Main.storyboard in Resources */ = {isa = PBXBuildFile; fileRef = 146CEAD81DF4ADF5001CDA04 /* Main.storyboard */; };
		146CEADC1DF4ADF5001CDA04 /* Assets.xcassets in Resources */ = {isa = PBXBuildFile; fileRef = 146CEADB1DF4ADF5001CDA04 /* Assets.xcassets */; };
		146CEADF1DF4ADF5001CDA04 /* LaunchScreen.storyboard in Resources */ = {isa = PBXBuildFile; fileRef = 146CEADD1DF4ADF5001CDA04 /* LaunchScreen.storyboard */; };
		146CEAEA1DF4ADF5001CDA04 /* touchesBeganAnimationTests.swift in Sources */ = {isa = PBXBuildFile; fileRef = 146CEAE91DF4ADF5001CDA04 /* touchesBeganAnimationTests.swift */; };
		146CEAF51DF4ADF5001CDA04 /* touchesBeganAnimationUITests.swift in Sources */ = {isa = PBXBuildFile; fileRef = 146CEAF41DF4ADF5001CDA04 /* touchesBeganAnimationUITests.swift */; };
		146CEB031DF4B185001CDA04 /* connect4.png in Resources */ = {isa = PBXBuildFile; fileRef = 146CEB021DF4B185001CDA04 /* connect4.png */; };
		29FB9AA31DF6538C000B8912 /* SocketAckEmitter.swift in Sources */ = {isa = PBXBuildFile; fileRef = 29FB9A8B1DF6538C000B8912 /* SocketAckEmitter.swift */; };
		29FB9AA41DF6538C000B8912 /* SocketAckManager.swift in Sources */ = {isa = PBXBuildFile; fileRef = 29FB9A8C1DF6538C000B8912 /* SocketAckManager.swift */; };
		29FB9AA51DF6538C000B8912 /* SocketAnyEvent.swift in Sources */ = {isa = PBXBuildFile; fileRef = 29FB9A8D1DF6538C000B8912 /* SocketAnyEvent.swift */; };
		29FB9AA61DF6538C000B8912 /* SocketClientManager.swift in Sources */ = {isa = PBXBuildFile; fileRef = 29FB9A8E1DF6538C000B8912 /* SocketClientManager.swift */; };
		29FB9AA71DF6538C000B8912 /* SocketEngine.swift in Sources */ = {isa = PBXBuildFile; fileRef = 29FB9A8F1DF6538C000B8912 /* SocketEngine.swift */; };
		29FB9AA81DF6538C000B8912 /* SocketEngineClient.swift in Sources */ = {isa = PBXBuildFile; fileRef = 29FB9A901DF6538C000B8912 /* SocketEngineClient.swift */; };
		29FB9AA91DF6538C000B8912 /* SocketEnginePacketType.swift in Sources */ = {isa = PBXBuildFile; fileRef = 29FB9A911DF6538C000B8912 /* SocketEnginePacketType.swift */; };
		29FB9AAA1DF6538C000B8912 /* SocketEnginePollable.swift in Sources */ = {isa = PBXBuildFile; fileRef = 29FB9A921DF6538C000B8912 /* SocketEnginePollable.swift */; };
		29FB9AAB1DF6538C000B8912 /* SocketEngineSpec.swift in Sources */ = {isa = PBXBuildFile; fileRef = 29FB9A931DF6538C000B8912 /* SocketEngineSpec.swift */; };
		29FB9AAC1DF6538C000B8912 /* SocketEngineWebsocket.swift in Sources */ = {isa = PBXBuildFile; fileRef = 29FB9A941DF6538C000B8912 /* SocketEngineWebsocket.swift */; };
		29FB9AAD1DF6538C000B8912 /* SocketEventHandler.swift in Sources */ = {isa = PBXBuildFile; fileRef = 29FB9A951DF6538C000B8912 /* SocketEventHandler.swift */; };
		29FB9AAE1DF6538C000B8912 /* SocketExtensions.swift in Sources */ = {isa = PBXBuildFile; fileRef = 29FB9A961DF6538C000B8912 /* SocketExtensions.swift */; };
		29FB9AAF1DF6538C000B8912 /* SocketIOClient.swift in Sources */ = {isa = PBXBuildFile; fileRef = 29FB9A971DF6538C000B8912 /* SocketIOClient.swift */; };
		29FB9AB01DF6538C000B8912 /* SocketIOClientConfiguration.swift in Sources */ = {isa = PBXBuildFile; fileRef = 29FB9A981DF6538C000B8912 /* SocketIOClientConfiguration.swift */; };
		29FB9AB11DF6538C000B8912 /* SocketIOClientOption.swift in Sources */ = {isa = PBXBuildFile; fileRef = 29FB9A991DF6538C000B8912 /* SocketIOClientOption.swift */; };
		29FB9AB21DF6538C000B8912 /* SocketIOClientSpec.swift in Sources */ = {isa = PBXBuildFile; fileRef = 29FB9A9A1DF6538C000B8912 /* SocketIOClientSpec.swift */; };
		29FB9AB31DF6538C000B8912 /* SocketIOClientStatus.swift in Sources */ = {isa = PBXBuildFile; fileRef = 29FB9A9B1DF6538C000B8912 /* SocketIOClientStatus.swift */; };
		29FB9AB41DF6538C000B8912 /* SocketLogger.swift in Sources */ = {isa = PBXBuildFile; fileRef = 29FB9A9C1DF6538C000B8912 /* SocketLogger.swift */; };
		29FB9AB51DF6538C000B8912 /* SocketPacket.swift in Sources */ = {isa = PBXBuildFile; fileRef = 29FB9A9D1DF6538C000B8912 /* SocketPacket.swift */; };
		29FB9AB61DF6538C000B8912 /* SocketParsable.swift in Sources */ = {isa = PBXBuildFile; fileRef = 29FB9A9E1DF6538C000B8912 /* SocketParsable.swift */; };
		29FB9AB71DF6538C000B8912 /* SocketStringReader.swift in Sources */ = {isa = PBXBuildFile; fileRef = 29FB9A9F1DF6538C000B8912 /* SocketStringReader.swift */; };
		29FB9AB81DF6538C000B8912 /* SocketTypes.swift in Sources */ = {isa = PBXBuildFile; fileRef = 29FB9AA01DF6538C000B8912 /* SocketTypes.swift */; };
		29FB9AB91DF6538C000B8912 /* SSLSecurity.swift in Sources */ = {isa = PBXBuildFile; fileRef = 29FB9AA11DF6538C000B8912 /* SSLSecurity.swift */; };
		29FB9ABA1DF6538C000B8912 /* WebSocket.swift in Sources */ = {isa = PBXBuildFile; fileRef = 29FB9AA21DF6538C000B8912 /* WebSocket.swift */; };
		29FB9ABC1DF653DD000B8912 /* SocketIOManager.swift in Sources */ = {isa = PBXBuildFile; fileRef = 29FB9ABB1DF653DD000B8912 /* SocketIOManager.swift */; };
/* End PBXBuildFile section */

/* Begin PBXContainerItemProxy section */
		146CEAE61DF4ADF5001CDA04 /* PBXContainerItemProxy */ = {
			isa = PBXContainerItemProxy;
			containerPortal = 146CEAC91DF4ADF5001CDA04 /* Project object */;
			proxyType = 1;
			remoteGlobalIDString = 146CEAD01DF4ADF5001CDA04;
			remoteInfo = touchesBeganAnimation;
		};
		146CEAF11DF4ADF5001CDA04 /* PBXContainerItemProxy */ = {
			isa = PBXContainerItemProxy;
			containerPortal = 146CEAC91DF4ADF5001CDA04 /* Project object */;
			proxyType = 1;
			remoteGlobalIDString = 146CEAD01DF4ADF5001CDA04;
			remoteInfo = touchesBeganAnimation;
		};
/* End PBXContainerItemProxy section */

/* Begin PBXFileReference section */
		146CEAD11DF4ADF5001CDA04 /* touchesBeganAnimation.app */ = {isa = PBXFileReference; explicitFileType = wrapper.application; includeInIndex = 0; path = touchesBeganAnimation.app; sourceTree = BUILT_PRODUCTS_DIR; };
		146CEAD41DF4ADF5001CDA04 /* AppDelegate.swift */ = {isa = PBXFileReference; lastKnownFileType = sourcecode.swift; path = AppDelegate.swift; sourceTree = "<group>"; };
		146CEAD61DF4ADF5001CDA04 /* ViewController.swift */ = {isa = PBXFileReference; lastKnownFileType = sourcecode.swift; path = ViewController.swift; sourceTree = "<group>"; };
		146CEAD91DF4ADF5001CDA04 /* Base */ = {isa = PBXFileReference; lastKnownFileType = file.storyboard; name = Base; path = Base.lproj/Main.storyboard; sourceTree = "<group>"; };
		146CEADB1DF4ADF5001CDA04 /* Assets.xcassets */ = {isa = PBXFileReference; lastKnownFileType = folder.assetcatalog; path = Assets.xcassets; sourceTree = "<group>"; };
		146CEADE1DF4ADF5001CDA04 /* Base */ = {isa = PBXFileReference; lastKnownFileType = file.storyboard; name = Base; path = Base.lproj/LaunchScreen.storyboard; sourceTree = "<group>"; };
		146CEAE01DF4ADF5001CDA04 /* Info.plist */ = {isa = PBXFileReference; lastKnownFileType = text.plist.xml; path = Info.plist; sourceTree = "<group>"; };
		146CEAE51DF4ADF5001CDA04 /* touchesBeganAnimationTests.xctest */ = {isa = PBXFileReference; explicitFileType = wrapper.cfbundle; includeInIndex = 0; path = touchesBeganAnimationTests.xctest; sourceTree = BUILT_PRODUCTS_DIR; };
		146CEAE91DF4ADF5001CDA04 /* touchesBeganAnimationTests.swift */ = {isa = PBXFileReference; lastKnownFileType = sourcecode.swift; path = touchesBeganAnimationTests.swift; sourceTree = "<group>"; };
		146CEAEB1DF4ADF5001CDA04 /* Info.plist */ = {isa = PBXFileReference; lastKnownFileType = text.plist.xml; path = Info.plist; sourceTree = "<group>"; };
		146CEAF01DF4ADF5001CDA04 /* touchesBeganAnimationUITests.xctest */ = {isa = PBXFileReference; explicitFileType = wrapper.cfbundle; includeInIndex = 0; path = touchesBeganAnimationUITests.xctest; sourceTree = BUILT_PRODUCTS_DIR; };
		146CEAF41DF4ADF5001CDA04 /* touchesBeganAnimationUITests.swift */ = {isa = PBXFileReference; lastKnownFileType = sourcecode.swift; path = touchesBeganAnimationUITests.swift; sourceTree = "<group>"; };
		146CEAF61DF4ADF5001CDA04 /* Info.plist */ = {isa = PBXFileReference; lastKnownFileType = text.plist.xml; path = Info.plist; sourceTree = "<group>"; };
		146CEB021DF4B185001CDA04 /* connect4.png */ = {isa = PBXFileReference; lastKnownFileType = image.png; path = connect4.png; sourceTree = "<group>"; };
		29FB9A8B1DF6538C000B8912 /* SocketAckEmitter.swift */ = {isa = PBXFileReference; fileEncoding = 4; lastKnownFileType = sourcecode.swift; path = SocketAckEmitter.swift; sourceTree = "<group>"; };
		29FB9A8C1DF6538C000B8912 /* SocketAckManager.swift */ = {isa = PBXFileReference; fileEncoding = 4; lastKnownFileType = sourcecode.swift; path = SocketAckManager.swift; sourceTree = "<group>"; };
		29FB9A8D1DF6538C000B8912 /* SocketAnyEvent.swift */ = {isa = PBXFileReference; fileEncoding = 4; lastKnownFileType = sourcecode.swift; path = SocketAnyEvent.swift; sourceTree = "<group>"; };
		29FB9A8E1DF6538C000B8912 /* SocketClientManager.swift */ = {isa = PBXFileReference; fileEncoding = 4; lastKnownFileType = sourcecode.swift; path = SocketClientManager.swift; sourceTree = "<group>"; };
		29FB9A8F1DF6538C000B8912 /* SocketEngine.swift */ = {isa = PBXFileReference; fileEncoding = 4; lastKnownFileType = sourcecode.swift; path = SocketEngine.swift; sourceTree = "<group>"; };
		29FB9A901DF6538C000B8912 /* SocketEngineClient.swift */ = {isa = PBXFileReference; fileEncoding = 4; lastKnownFileType = sourcecode.swift; path = SocketEngineClient.swift; sourceTree = "<group>"; };
		29FB9A911DF6538C000B8912 /* SocketEnginePacketType.swift */ = {isa = PBXFileReference; fileEncoding = 4; lastKnownFileType = sourcecode.swift; path = SocketEnginePacketType.swift; sourceTree = "<group>"; };
		29FB9A921DF6538C000B8912 /* SocketEnginePollable.swift */ = {isa = PBXFileReference; fileEncoding = 4; lastKnownFileType = sourcecode.swift; path = SocketEnginePollable.swift; sourceTree = "<group>"; };
		29FB9A931DF6538C000B8912 /* SocketEngineSpec.swift */ = {isa = PBXFileReference; fileEncoding = 4; lastKnownFileType = sourcecode.swift; path = SocketEngineSpec.swift; sourceTree = "<group>"; };
		29FB9A941DF6538C000B8912 /* SocketEngineWebsocket.swift */ = {isa = PBXFileReference; fileEncoding = 4; lastKnownFileType = sourcecode.swift; path = SocketEngineWebsocket.swift; sourceTree = "<group>"; };
		29FB9A951DF6538C000B8912 /* SocketEventHandler.swift */ = {isa = PBXFileReference; fileEncoding = 4; lastKnownFileType = sourcecode.swift; path = SocketEventHandler.swift; sourceTree = "<group>"; };
		29FB9A961DF6538C000B8912 /* SocketExtensions.swift */ = {isa = PBXFileReference; fileEncoding = 4; lastKnownFileType = sourcecode.swift; path = SocketExtensions.swift; sourceTree = "<group>"; };
		29FB9A971DF6538C000B8912 /* SocketIOClient.swift */ = {isa = PBXFileReference; fileEncoding = 4; lastKnownFileType = sourcecode.swift; path = SocketIOClient.swift; sourceTree = "<group>"; };
		29FB9A981DF6538C000B8912 /* SocketIOClientConfiguration.swift */ = {isa = PBXFileReference; fileEncoding = 4; lastKnownFileType = sourcecode.swift; path = SocketIOClientConfiguration.swift; sourceTree = "<group>"; };
		29FB9A991DF6538C000B8912 /* SocketIOClientOption.swift */ = {isa = PBXFileReference; fileEncoding = 4; lastKnownFileType = sourcecode.swift; path = SocketIOClientOption.swift; sourceTree = "<group>"; };
		29FB9A9A1DF6538C000B8912 /* SocketIOClientSpec.swift */ = {isa = PBXFileReference; fileEncoding = 4; lastKnownFileType = sourcecode.swift; path = SocketIOClientSpec.swift; sourceTree = "<group>"; };
		29FB9A9B1DF6538C000B8912 /* SocketIOClientStatus.swift */ = {isa = PBXFileReference; fileEncoding = 4; lastKnownFileType = sourcecode.swift; path = SocketIOClientStatus.swift; sourceTree = "<group>"; };
		29FB9A9C1DF6538C000B8912 /* SocketLogger.swift */ = {isa = PBXFileReference; fileEncoding = 4; lastKnownFileType = sourcecode.swift; path = SocketLogger.swift; sourceTree = "<group>"; };
		29FB9A9D1DF6538C000B8912 /* SocketPacket.swift */ = {isa = PBXFileReference; fileEncoding = 4; lastKnownFileType = sourcecode.swift; path = SocketPacket.swift; sourceTree = "<group>"; };
		29FB9A9E1DF6538C000B8912 /* SocketParsable.swift */ = {isa = PBXFileReference; fileEncoding = 4; lastKnownFileType = sourcecode.swift; path = SocketParsable.swift; sourceTree = "<group>"; };
		29FB9A9F1DF6538C000B8912 /* SocketStringReader.swift */ = {isa = PBXFileReference; fileEncoding = 4; lastKnownFileType = sourcecode.swift; path = SocketStringReader.swift; sourceTree = "<group>"; };
		29FB9AA01DF6538C000B8912 /* SocketTypes.swift */ = {isa = PBXFileReference; fileEncoding = 4; lastKnownFileType = sourcecode.swift; path = SocketTypes.swift; sourceTree = "<group>"; };
		29FB9AA11DF6538C000B8912 /* SSLSecurity.swift */ = {isa = PBXFileReference; fileEncoding = 4; lastKnownFileType = sourcecode.swift; path = SSLSecurity.swift; sourceTree = "<group>"; };
		29FB9AA21DF6538C000B8912 /* WebSocket.swift */ = {isa = PBXFileReference; fileEncoding = 4; lastKnownFileType = sourcecode.swift; path = WebSocket.swift; sourceTree = "<group>"; };
		29FB9ABB1DF653DD000B8912 /* SocketIOManager.swift */ = {isa = PBXFileReference; fileEncoding = 4; lastKnownFileType = sourcecode.swift; path = SocketIOManager.swift; sourceTree = "<group>"; };
/* End PBXFileReference section */

/* Begin PBXFrameworksBuildPhase section */
		146CEACE1DF4ADF5001CDA04 /* Frameworks */ = {
			isa = PBXFrameworksBuildPhase;
			buildActionMask = 2147483647;
			files = (
			);
			runOnlyForDeploymentPostprocessing = 0;
		};
		146CEAE21DF4ADF5001CDA04 /* Frameworks */ = {
			isa = PBXFrameworksBuildPhase;
			buildActionMask = 2147483647;
			files = (
			);
			runOnlyForDeploymentPostprocessing = 0;
		};
		146CEAED1DF4ADF5001CDA04 /* Frameworks */ = {
			isa = PBXFrameworksBuildPhase;
			buildActionMask = 2147483647;
			files = (
			);
			runOnlyForDeploymentPostprocessing = 0;
		};
/* End PBXFrameworksBuildPhase section */

/* Begin PBXGroup section */
		146CEAC81DF4ADF5001CDA04 = {
			isa = PBXGroup;
			children = (
				29FB9A891DF6538C000B8912 /* SocketIO */,
				146CEAD31DF4ADF5001CDA04 /* touchesBeganAnimation */,
				146CEAE81DF4ADF5001CDA04 /* touchesBeganAnimationTests */,
				146CEAF31DF4ADF5001CDA04 /* touchesBeganAnimationUITests */,
				146CEAD21DF4ADF5001CDA04 /* Products */,
			);
			sourceTree = "<group>";
		};
		146CEAD21DF4ADF5001CDA04 /* Products */ = {
			isa = PBXGroup;
			children = (
				146CEAD11DF4ADF5001CDA04 /* touchesBeganAnimation.app */,
				146CEAE51DF4ADF5001CDA04 /* touchesBeganAnimationTests.xctest */,
				146CEAF01DF4ADF5001CDA04 /* touchesBeganAnimationUITests.xctest */,
			);
			name = Products;
			sourceTree = "<group>";
		};
		146CEAD31DF4ADF5001CDA04 /* touchesBeganAnimation */ = {
			isa = PBXGroup;
			children = (
				146CEAD41DF4ADF5001CDA04 /* AppDelegate.swift */,
				29FB9ABB1DF653DD000B8912 /* SocketIOManager.swift */,
				146CEAD61DF4ADF5001CDA04 /* ViewController.swift */,
				146CEB021DF4B185001CDA04 /* connect4.png */,
				146CEAD81DF4ADF5001CDA04 /* Main.storyboard */,
				146CEADB1DF4ADF5001CDA04 /* Assets.xcassets */,
				146CEADD1DF4ADF5001CDA04 /* LaunchScreen.storyboard */,
				146CEAE01DF4ADF5001CDA04 /* Info.plist */,
			);
			path = touchesBeganAnimation;
			sourceTree = "<group>";
		};
		146CEAE81DF4ADF5001CDA04 /* touchesBeganAnimationTests */ = {
			isa = PBXGroup;
			children = (
				146CEAE91DF4ADF5001CDA04 /* touchesBeganAnimationTests.swift */,
				146CEAEB1DF4ADF5001CDA04 /* Info.plist */,
			);
			path = touchesBeganAnimationTests;
			sourceTree = "<group>";
		};
		146CEAF31DF4ADF5001CDA04 /* touchesBeganAnimationUITests */ = {
			isa = PBXGroup;
			children = (
				146CEAF41DF4ADF5001CDA04 /* touchesBeganAnimationUITests.swift */,
				146CEAF61DF4ADF5001CDA04 /* Info.plist */,
			);
			path = touchesBeganAnimationUITests;
			sourceTree = "<group>";
		};
		29FB9A891DF6538C000B8912 /* SocketIO */ = {
			isa = PBXGroup;
			children = (
				29FB9A8A1DF6538C000B8912 /* Source */,
			);
			name = SocketIO;
			path = Source;
			sourceTree = "<group>";
		};
		29FB9A8A1DF6538C000B8912 /* Source */ = {
			isa = PBXGroup;
			children = (
				29FB9A8B1DF6538C000B8912 /* SocketAckEmitter.swift */,
				29FB9A8C1DF6538C000B8912 /* SocketAckManager.swift */,
				29FB9A8D1DF6538C000B8912 /* SocketAnyEvent.swift */,
				29FB9A8E1DF6538C000B8912 /* SocketClientManager.swift */,
				29FB9A8F1DF6538C000B8912 /* SocketEngine.swift */,
				29FB9A901DF6538C000B8912 /* SocketEngineClient.swift */,
				29FB9A911DF6538C000B8912 /* SocketEnginePacketType.swift */,
				29FB9A921DF6538C000B8912 /* SocketEnginePollable.swift */,
				29FB9A931DF6538C000B8912 /* SocketEngineSpec.swift */,
				29FB9A941DF6538C000B8912 /* SocketEngineWebsocket.swift */,
				29FB9A951DF6538C000B8912 /* SocketEventHandler.swift */,
				29FB9A961DF6538C000B8912 /* SocketExtensions.swift */,
				29FB9A971DF6538C000B8912 /* SocketIOClient.swift */,
				29FB9A981DF6538C000B8912 /* SocketIOClientConfiguration.swift */,
				29FB9A991DF6538C000B8912 /* SocketIOClientOption.swift */,
				29FB9A9A1DF6538C000B8912 /* SocketIOClientSpec.swift */,
				29FB9A9B1DF6538C000B8912 /* SocketIOClientStatus.swift */,
				29FB9A9C1DF6538C000B8912 /* SocketLogger.swift */,
				29FB9A9D1DF6538C000B8912 /* SocketPacket.swift */,
				29FB9A9E1DF6538C000B8912 /* SocketParsable.swift */,
				29FB9A9F1DF6538C000B8912 /* SocketStringReader.swift */,
				29FB9AA01DF6538C000B8912 /* SocketTypes.swift */,
				29FB9AA11DF6538C000B8912 /* SSLSecurity.swift */,
				29FB9AA21DF6538C000B8912 /* WebSocket.swift */,
			);
			path = Source;
			sourceTree = "<group>";
		};
/* End PBXGroup section */

/* Begin PBXNativeTarget section */
		146CEAD01DF4ADF5001CDA04 /* touchesBeganAnimation */ = {
			isa = PBXNativeTarget;
			buildConfigurationList = 146CEAF91DF4ADF5001CDA04 /* Build configuration list for PBXNativeTarget "touchesBeganAnimation" */;
			buildPhases = (
				146CEACD1DF4ADF5001CDA04 /* Sources */,
				146CEACE1DF4ADF5001CDA04 /* Frameworks */,
				146CEACF1DF4ADF5001CDA04 /* Resources */,
			);
			buildRules = (
			);
			dependencies = (
			);
			name = touchesBeganAnimation;
			productName = touchesBeganAnimation;
			productReference = 146CEAD11DF4ADF5001CDA04 /* touchesBeganAnimation.app */;
			productType = "com.apple.product-type.application";
		};
		146CEAE41DF4ADF5001CDA04 /* touchesBeganAnimationTests */ = {
			isa = PBXNativeTarget;
			buildConfigurationList = 146CEAFC1DF4ADF5001CDA04 /* Build configuration list for PBXNativeTarget "touchesBeganAnimationTests" */;
			buildPhases = (
				146CEAE11DF4ADF5001CDA04 /* Sources */,
				146CEAE21DF4ADF5001CDA04 /* Frameworks */,
				146CEAE31DF4ADF5001CDA04 /* Resources */,
			);
			buildRules = (
			);
			dependencies = (
				146CEAE71DF4ADF5001CDA04 /* PBXTargetDependency */,
			);
			name = touchesBeganAnimationTests;
			productName = touchesBeganAnimationTests;
			productReference = 146CEAE51DF4ADF5001CDA04 /* touchesBeganAnimationTests.xctest */;
			productType = "com.apple.product-type.bundle.unit-test";
		};
		146CEAEF1DF4ADF5001CDA04 /* touchesBeganAnimationUITests */ = {
			isa = PBXNativeTarget;
			buildConfigurationList = 146CEAFF1DF4ADF5001CDA04 /* Build configuration list for PBXNativeTarget "touchesBeganAnimationUITests" */;
			buildPhases = (
				146CEAEC1DF4ADF5001CDA04 /* Sources */,
				146CEAED1DF4ADF5001CDA04 /* Frameworks */,
				146CEAEE1DF4ADF5001CDA04 /* Resources */,
			);
			buildRules = (
			);
			dependencies = (
				146CEAF21DF4ADF5001CDA04 /* PBXTargetDependency */,
			);
			name = touchesBeganAnimationUITests;
			productName = touchesBeganAnimationUITests;
			productReference = 146CEAF01DF4ADF5001CDA04 /* touchesBeganAnimationUITests.xctest */;
			productType = "com.apple.product-type.bundle.ui-testing";
		};
/* End PBXNativeTarget section */

/* Begin PBXProject section */
		146CEAC91DF4ADF5001CDA04 /* Project object */ = {
			isa = PBXProject;
			attributes = {
				LastSwiftUpdateCheck = 0810;
				LastUpgradeCheck = 0810;
				ORGANIZATIONNAME = "jacob frank";
				TargetAttributes = {
					146CEAD01DF4ADF5001CDA04 = {
						CreatedOnToolsVersion = 8.1;
						DevelopmentTeam = M45RU24PK5;
						ProvisioningStyle = Automatic;
					};
					146CEAE41DF4ADF5001CDA04 = {
						CreatedOnToolsVersion = 8.1;
						ProvisioningStyle = Automatic;
						TestTargetID = 146CEAD01DF4ADF5001CDA04;
					};
					146CEAEF1DF4ADF5001CDA04 = {
						CreatedOnToolsVersion = 8.1;
						ProvisioningStyle = Automatic;
						TestTargetID = 146CEAD01DF4ADF5001CDA04;
					};
				};
			};
			buildConfigurationList = 146CEACC1DF4ADF5001CDA04 /* Build configuration list for PBXProject "touchesBeganAnimation" */;
			compatibilityVersion = "Xcode 3.2";
			developmentRegion = English;
			hasScannedForEncodings = 0;
			knownRegions = (
				en,
				Base,
			);
			mainGroup = 146CEAC81DF4ADF5001CDA04;
			productRefGroup = 146CEAD21DF4ADF5001CDA04 /* Products */;
			projectDirPath = "";
			projectRoot = "";
			targets = (
				146CEAD01DF4ADF5001CDA04 /* touchesBeganAnimation */,
				146CEAE41DF4ADF5001CDA04 /* touchesBeganAnimationTests */,
				146CEAEF1DF4ADF5001CDA04 /* touchesBeganAnimationUITests */,
			);
		};
/* End PBXProject section */

/* Begin PBXResourcesBuildPhase section */
		146CEACF1DF4ADF5001CDA04 /* Resources */ = {
			isa = PBXResourcesBuildPhase;
			buildActionMask = 2147483647;
			files = (
				146CEADF1DF4ADF5001CDA04 /* LaunchScreen.storyboard in Resources */,
				146CEB031DF4B185001CDA04 /* connect4.png in Resources */,
				146CEADC1DF4ADF5001CDA04 /* Assets.xcassets in Resources */,
				146CEADA1DF4ADF5001CDA04 /* Main.storyboard in Resources */,
			);
			runOnlyForDeploymentPostprocessing = 0;
		};
		146CEAE31DF4ADF5001CDA04 /* Resources */ = {
			isa = PBXResourcesBuildPhase;
			buildActionMask = 2147483647;
			files = (
			);
			runOnlyForDeploymentPostprocessing = 0;
		};
		146CEAEE1DF4ADF5001CDA04 /* Resources */ = {
			isa = PBXResourcesBuildPhase;
			buildActionMask = 2147483647;
			files = (
			);
			runOnlyForDeploymentPostprocessing = 0;
		};
/* End PBXResourcesBuildPhase section */

/* Begin PBXSourcesBuildPhase section */
		146CEACD1DF4ADF5001CDA04 /* Sources */ = {
			isa = PBXSourcesBuildPhase;
			buildActionMask = 2147483647;
			files = (
				29FB9AAF1DF6538C000B8912 /* SocketIOClient.swift in Sources */,
				29FB9AAE1DF6538C000B8912 /* SocketExtensions.swift in Sources */,
				29FB9AAC1DF6538C000B8912 /* SocketEngineWebsocket.swift in Sources */,
				29FB9AB11DF6538C000B8912 /* SocketIOClientOption.swift in Sources */,
				29FB9AB21DF6538C000B8912 /* SocketIOClientSpec.swift in Sources */,
				29FB9AB31DF6538C000B8912 /* SocketIOClientStatus.swift in Sources */,
				29FB9AB41DF6538C000B8912 /* SocketLogger.swift in Sources */,
				29FB9AA51DF6538C000B8912 /* SocketAnyEvent.swift in Sources */,
				29FB9AB71DF6538C000B8912 /* SocketStringReader.swift in Sources */,
				29FB9ABA1DF6538C000B8912 /* WebSocket.swift in Sources */,
				29FB9AB61DF6538C000B8912 /* SocketParsable.swift in Sources */,
				29FB9AB81DF6538C000B8912 /* SocketTypes.swift in Sources */,
				29FB9AAD1DF6538C000B8912 /* SocketEventHandler.swift in Sources */,
				29FB9ABC1DF653DD000B8912 /* SocketIOManager.swift in Sources */,
				29FB9AA81DF6538C000B8912 /* SocketEngineClient.swift in Sources */,
				29FB9AB51DF6538C000B8912 /* SocketPacket.swift in Sources */,
				29FB9AA41DF6538C000B8912 /* SocketAckManager.swift in Sources */,
				29FB9AAB1DF6538C000B8912 /* SocketEngineSpec.swift in Sources */,
				29FB9AA31DF6538C000B8912 /* SocketAckEmitter.swift in Sources */,
				29FB9AA71DF6538C000B8912 /* SocketEngine.swift in Sources */,
				146CEAD71DF4ADF5001CDA04 /* ViewController.swift in Sources */,
				146CEAD51DF4ADF5001CDA04 /* AppDelegate.swift in Sources */,
				29FB9AB01DF6538C000B8912 /* SocketIOClientConfiguration.swift in Sources */,
				29FB9AB91DF6538C000B8912 /* SSLSecurity.swift in Sources */,
				29FB9AAA1DF6538C000B8912 /* SocketEnginePollable.swift in Sources */,
				29FB9AA91DF6538C000B8912 /* SocketEnginePacketType.swift in Sources */,
				29FB9AA61DF6538C000B8912 /* SocketClientManager.swift in Sources */,
			);
			runOnlyForDeploymentPostprocessing = 0;
		};
		146CEAE11DF4ADF5001CDA04 /* Sources */ = {
			isa = PBXSourcesBuildPhase;
			buildActionMask = 2147483647;
			files = (
				146CEAEA1DF4ADF5001CDA04 /* touchesBeganAnimationTests.swift in Sources */,
			);
			runOnlyForDeploymentPostprocessing = 0;
		};
		146CEAEC1DF4ADF5001CDA04 /* Sources */ = {
			isa = PBXSourcesBuildPhase;
			buildActionMask = 2147483647;
			files = (
				146CEAF51DF4ADF5001CDA04 /* touchesBeganAnimationUITests.swift in Sources */,
			);
			runOnlyForDeploymentPostprocessing = 0;
		};
/* End PBXSourcesBuildPhase section */

/* Begin PBXTargetDependency section */
		146CEAE71DF4ADF5001CDA04 /* PBXTargetDependency */ = {
			isa = PBXTargetDependency;
			target = 146CEAD01DF4ADF5001CDA04 /* touchesBeganAnimation */;
			targetProxy = 146CEAE61DF4ADF5001CDA04 /* PBXContainerItemProxy */;
		};
		146CEAF21DF4ADF5001CDA04 /* PBXTargetDependency */ = {
			isa = PBXTargetDependency;
			target = 146CEAD01DF4ADF5001CDA04 /* touchesBeganAnimation */;
			targetProxy = 146CEAF11DF4ADF5001CDA04 /* PBXContainerItemProxy */;
		};
/* End PBXTargetDependency section */

/* Begin PBXVariantGroup section */
		146CEAD81DF4ADF5001CDA04 /* Main.storyboard */ = {
			isa = PBXVariantGroup;
			children = (
				146CEAD91DF4ADF5001CDA04 /* Base */,
			);
			name = Main.storyboard;
			sourceTree = "<group>";
		};
		146CEADD1DF4ADF5001CDA04 /* LaunchScreen.storyboard */ = {
			isa = PBXVariantGroup;
			children = (
				146CEADE1DF4ADF5001CDA04 /* Base */,
			);
			name = LaunchScreen.storyboard;
			sourceTree = "<group>";
		};
/* End PBXVariantGroup section */

/* Begin XCBuildConfiguration section */
		146CEAF71DF4ADF5001CDA04 /* Debug */ = {
			isa = XCBuildConfiguration;
			buildSettings = {
				ALWAYS_SEARCH_USER_PATHS = NO;
				CLANG_ANALYZER_NONNULL = YES;
				CLANG_CXX_LANGUAGE_STANDARD = "gnu++0x";
				CLANG_CXX_LIBRARY = "libc++";
				CLANG_ENABLE_MODULES = YES;
				CLANG_ENABLE_OBJC_ARC = YES;
				CLANG_WARN_BOOL_CONVERSION = YES;
				CLANG_WARN_CONSTANT_CONVERSION = YES;
				CLANG_WARN_DIRECT_OBJC_ISA_USAGE = YES_ERROR;
				CLANG_WARN_DOCUMENTATION_COMMENTS = YES;
				CLANG_WARN_EMPTY_BODY = YES;
				CLANG_WARN_ENUM_CONVERSION = YES;
				CLANG_WARN_INFINITE_RECURSION = YES;
				CLANG_WARN_INT_CONVERSION = YES;
				CLANG_WARN_OBJC_ROOT_CLASS = YES_ERROR;
				CLANG_WARN_SUSPICIOUS_MOVES = YES;
				CLANG_WARN_UNREACHABLE_CODE = YES;
				CLANG_WARN__DUPLICATE_METHOD_MATCH = YES;
				"CODE_SIGN_IDENTITY[sdk=iphoneos*]" = "iPhone Developer";
				COPY_PHASE_STRIP = NO;
				DEBUG_INFORMATION_FORMAT = dwarf;
				ENABLE_STRICT_OBJC_MSGSEND = YES;
				ENABLE_TESTABILITY = YES;
				GCC_C_LANGUAGE_STANDARD = gnu99;
				GCC_DYNAMIC_NO_PIC = NO;
				GCC_NO_COMMON_BLOCKS = YES;
				GCC_OPTIMIZATION_LEVEL = 0;
				GCC_PREPROCESSOR_DEFINITIONS = (
					"DEBUG=1",
					"$(inherited)",
				);
				GCC_WARN_64_TO_32_BIT_CONVERSION = YES;
				GCC_WARN_ABOUT_RETURN_TYPE = YES_ERROR;
				GCC_WARN_UNDECLARED_SELECTOR = YES;
				GCC_WARN_UNINITIALIZED_AUTOS = YES_AGGRESSIVE;
				GCC_WARN_UNUSED_FUNCTION = YES;
				GCC_WARN_UNUSED_VARIABLE = YES;
				IPHONEOS_DEPLOYMENT_TARGET = 10.1;
				MTL_ENABLE_DEBUG_INFO = YES;
				ONLY_ACTIVE_ARCH = YES;
				SDKROOT = iphoneos;
				SWIFT_ACTIVE_COMPILATION_CONDITIONS = DEBUG;
				SWIFT_OPTIMIZATION_LEVEL = "-Onone";
				TARGETED_DEVICE_FAMILY = "1,2";
			};
			name = Debug;
		};
		146CEAF81DF4ADF5001CDA04 /* Release */ = {
			isa = XCBuildConfiguration;
			buildSettings = {
				ALWAYS_SEARCH_USER_PATHS = NO;
				CLANG_ANALYZER_NONNULL = YES;
				CLANG_CXX_LANGUAGE_STANDARD = "gnu++0x";
				CLANG_CXX_LIBRARY = "libc++";
				CLANG_ENABLE_MODULES = YES;
				CLANG_ENABLE_OBJC_ARC = YES;
				CLANG_WARN_BOOL_CONVERSION = YES;
				CLANG_WARN_CONSTANT_CONVERSION = YES;
				CLANG_WARN_DIRECT_OBJC_ISA_USAGE = YES_ERROR;
				CLANG_WARN_DOCUMENTATION_COMMENTS = YES;
				CLANG_WARN_EMPTY_BODY = YES;
				CLANG_WARN_ENUM_CONVERSION = YES;
				CLANG_WARN_INFINITE_RECURSION = YES;
				CLANG_WARN_INT_CONVERSION = YES;
				CLANG_WARN_OBJC_ROOT_CLASS = YES_ERROR;
				CLANG_WARN_SUSPICIOUS_MOVES = YES;
				CLANG_WARN_UNREACHABLE_CODE = YES;
				CLANG_WARN__DUPLICATE_METHOD_MATCH = YES;
				"CODE_SIGN_IDENTITY[sdk=iphoneos*]" = "iPhone Developer";
				COPY_PHASE_STRIP = NO;
				DEBUG_INFORMATION_FORMAT = "dwarf-with-dsym";
				ENABLE_NS_ASSERTIONS = NO;
				ENABLE_STRICT_OBJC_MSGSEND = YES;
				GCC_C_LANGUAGE_STANDARD = gnu99;
				GCC_NO_COMMON_BLOCKS = YES;
				GCC_WARN_64_TO_32_BIT_CONVERSION = YES;
				GCC_WARN_ABOUT_RETURN_TYPE = YES_ERROR;
				GCC_WARN_UNDECLARED_SELECTOR = YES;
				GCC_WARN_UNINITIALIZED_AUTOS = YES_AGGRESSIVE;
				GCC_WARN_UNUSED_FUNCTION = YES;
				GCC_WARN_UNUSED_VARIABLE = YES;
				IPHONEOS_DEPLOYMENT_TARGET = 10.1;
				MTL_ENABLE_DEBUG_INFO = NO;
				SDKROOT = iphoneos;
				SWIFT_OPTIMIZATION_LEVEL = "-Owholemodule";
				TARGETED_DEVICE_FAMILY = "1,2";
				VALIDATE_PRODUCT = YES;
			};
			name = Release;
		};
		146CEAFA1DF4ADF5001CDA04 /* Debug */ = {
			isa = XCBuildConfiguration;
			buildSettings = {
				ASSETCATALOG_COMPILER_APPICON_NAME = AppIcon;
				DEVELOPMENT_TEAM = M45RU24PK5;
				INFOPLIST_FILE = touchesBeganAnimation/Info.plist;
				LD_RUNPATH_SEARCH_PATHS = "$(inherited) @executable_path/Frameworks";
				PRODUCT_BUNDLE_IDENTIFIER = test.touchesBeganAnimation;
				PRODUCT_NAME = "$(TARGET_NAME)";
				SWIFT_VERSION = 3.0;
			};
			name = Debug;
		};
		146CEAFB1DF4ADF5001CDA04 /* Release */ = {
			isa = XCBuildConfiguration;
			buildSettings = {
				ASSETCATALOG_COMPILER_APPICON_NAME = AppIcon;
				DEVELOPMENT_TEAM = M45RU24PK5;
				INFOPLIST_FILE = touchesBeganAnimation/Info.plist;
				LD_RUNPATH_SEARCH_PATHS = "$(inherited) @executable_path/Frameworks";
				PRODUCT_BUNDLE_IDENTIFIER = test.touchesBeganAnimation;
				PRODUCT_NAME = "$(TARGET_NAME)";
				SWIFT_VERSION = 3.0;
			};
			name = Release;
		};
		146CEAFD1DF4ADF5001CDA04 /* Debug */ = {
			isa = XCBuildConfiguration;
			buildSettings = {
				ALWAYS_EMBED_SWIFT_STANDARD_LIBRARIES = YES;
				BUNDLE_LOADER = "$(TEST_HOST)";
				INFOPLIST_FILE = touchesBeganAnimationTests/Info.plist;
				LD_RUNPATH_SEARCH_PATHS = "$(inherited) @executable_path/Frameworks @loader_path/Frameworks";
				PRODUCT_BUNDLE_IDENTIFIER = test.touchesBeganAnimationTests;
				PRODUCT_NAME = "$(TARGET_NAME)";
				SWIFT_VERSION = 3.0;
				TEST_HOST = "$(BUILT_PRODUCTS_DIR)/touchesBeganAnimation.app/touchesBeganAnimation";
			};
			name = Debug;
		};
		146CEAFE1DF4ADF5001CDA04 /* Release */ = {
			isa = XCBuildConfiguration;
			buildSettings = {
				ALWAYS_EMBED_SWIFT_STANDARD_LIBRARIES = YES;
				BUNDLE_LOADER = "$(TEST_HOST)";
				INFOPLIST_FILE = touchesBeganAnimationTests/Info.plist;
				LD_RUNPATH_SEARCH_PATHS = "$(inherited) @executable_path/Frameworks @loader_path/Frameworks";
				PRODUCT_BUNDLE_IDENTIFIER = test.touchesBeganAnimationTests;
				PRODUCT_NAME = "$(TARGET_NAME)";
				SWIFT_VERSION = 3.0;
				TEST_HOST = "$(BUILT_PRODUCTS_DIR)/touchesBeganAnimation.app/touchesBeganAnimation";
			};
			name = Release;
		};
		146CEB001DF4ADF5001CDA04 /* Debug */ = {
			isa = XCBuildConfiguration;
			buildSettings = {
				ALWAYS_EMBED_SWIFT_STANDARD_LIBRARIES = YES;
				INFOPLIST_FILE = touchesBeganAnimationUITests/Info.plist;
				LD_RUNPATH_SEARCH_PATHS = "$(inherited) @executable_path/Frameworks @loader_path/Frameworks";
				PRODUCT_BUNDLE_IDENTIFIER = test.touchesBeganAnimationUITests;
				PRODUCT_NAME = "$(TARGET_NAME)";
				SWIFT_VERSION = 3.0;
				TEST_TARGET_NAME = touchesBeganAnimation;
			};
			name = Debug;
		};
		146CEB011DF4ADF5001CDA04 /* Release */ = {
			isa = XCBuildConfiguration;
			buildSettings = {
				ALWAYS_EMBED_SWIFT_STANDARD_LIBRARIES = YES;
				INFOPLIST_FILE = touchesBeganAnimationUITests/Info.plist;
				LD_RUNPATH_SEARCH_PATHS = "$(inherited) @executable_path/Frameworks @loader_path/Frameworks";
				PRODUCT_BUNDLE_IDENTIFIER = test.touchesBeganAnimationUITests;
				PRODUCT_NAME = "$(TARGET_NAME)";
				SWIFT_VERSION = 3.0;
				TEST_TARGET_NAME = touchesBeganAnimation;
			};
			name = Release;
		};
/* End XCBuildConfiguration section */

/* Begin XCConfigurationList section */
		146CEACC1DF4ADF5001CDA04 /* Build configuration list for PBXProject "touchesBeganAnimation" */ = {
			isa = XCConfigurationList;
			buildConfigurations = (
				146CEAF71DF4ADF5001CDA04 /* Debug */,
				146CEAF81DF4ADF5001CDA04 /* Release */,
			);
			defaultConfigurationIsVisible = 0;
			defaultConfigurationName = Release;
		};
		146CEAF91DF4ADF5001CDA04 /* Build configuration list for PBXNativeTarget "touchesBeganAnimation" */ = {
			isa = XCConfigurationList;
			buildConfigurations = (
				146CEAFA1DF4ADF5001CDA04 /* Debug */,
				146CEAFB1DF4ADF5001CDA04 /* Release */,
			);
			defaultConfigurationIsVisible = 0;
			defaultConfigurationName = Release;
		};
		146CEAFC1DF4ADF5001CDA04 /* Build configuration list for PBXNativeTarget "touchesBeganAnimationTests" */ = {
			isa = XCConfigurationList;
			buildConfigurations = (
				146CEAFD1DF4ADF5001CDA04 /* Debug */,
				146CEAFE1DF4ADF5001CDA04 /* Release */,
			);
			defaultConfigurationIsVisible = 0;
			defaultConfigurationName = Release;
		};
		146CEAFF1DF4ADF5001CDA04 /* Build configuration list for PBXNativeTarget "touchesBeganAnimationUITests" */ = {
			isa = XCConfigurationList;
			buildConfigurations = (
				146CEB001DF4ADF5001CDA04 /* Debug */,
				146CEB011DF4ADF5001CDA04 /* Release */,
			);
			defaultConfigurationIsVisible = 0;
			defaultConfigurationName = Release;
		};
/* End XCConfigurationList section */
	};
	rootObject = 146CEAC91DF4ADF5001CDA04 /* Project object */;
}
